# This file is generated by running "yarn install" inside your project.
# Manual changes might be lost - proceed with caution!

__metadata:
  version: 6
  cacheKey: 8

"envinfo@npm:^7.10.0":
  version: 7.10.0
  resolution: "envinfo@npm:7.10.0"
  bin:
    envinfo: dist/cli.js
  checksum: 05e81a5768c42cbd5c580dc3f274db3401facadd53e9bd52e2aa49dfbb5d8b26f6181c25a6652d79618a6994185bd2b1c137673101690b147f758e4e71d42f7d
  languageName: node
  linkType: hard

"yarn-berry@workspace:.":
  version: 0.0.0-use.local
  resolution: "yarn-berry@workspace:."
  dependencies:
    envinfo: ^7.10.0
  languageName: unknown
  linkType: soft
