# This file is generated by running "yarn install" inside your project.
# Manual changes might be lost - proceed with caution!

__metadata:
  version: 8
  cacheKey: 10

"envinfo@npm:^7.10.0":
  version: 7.10.0
  resolution: "envinfo@npm:7.10.0"
  bin:
    envinfo: dist/cli.js
  checksum: 10/d4db29c5a405081759c57c0e74ffa6adab09b7477ca105587252643394f13ab128ad4c8f755b15334b5f1901cef091acc76c71b695ce0f27853ebf147c882075
  languageName: node
  linkType: hard

"yarn-berry@workspace:.":
  version: 0.0.0-use.local
  resolution: "yarn-berry@workspace:."
  dependencies:
    envinfo: "npm:^7.10.0"
  languageName: unknown
  linkType: soft
