lockfileVersion: '9.0'

settings:
  autoInstallPeers: true
  excludeLinksFromLockfile: false

importers:

  .:
    devDependencies:
      envinfo:
        specifier: ^7.10.0
        version: 7.14.0

packages:

  envinfo@7.14.0:
    resolution: {integrity: sha512-CO40UI41xDQzhLB1hWyqUKgFhs250pNcGbyGKe1l/e4FSaI/+YE4IMG76GDt0In67WLPACIITC+sOi08x4wIvg==}
    engines: {node: '>=4'}
    hasBin: true

snapshots:

  envinfo@7.14.0: {}
