{
  "name": "example",
  "version": "1.0.0",
  "lockfileVersion": 3,
  "requires": true,
  "packages": {
    "": {
      "name": "example",
      "version": "1.0.0",
      "license": "MIT",
      "devDependencies": {
        "envinfo": "^7.10.0"
      }
    },
    "node_modules/envinfo": {
      "version": "7.10.0",
      "resolved": "https://registry.npmjs.org/envinfo/-/envinfo-7.10.0.tgz",
      "integrity": "sha512-ZtUjZO6l5mwTHvc1L9+1q5p/R3wTopcfqMW8r5t8SJSKqeVI/LtajORwRFEKpEFuekjD0VBjwu1HMxL4UalIRw==",
      "dev": true,
      "bin": {
        "envinfo": "dist/cli.js"
      },
      "engines": {
        "node": ">=4"
      }
    }
  }
}
