# THIS IS AN AUTOGENERATED FILE. DO NOT EDIT THIS FILE DIRECTLY.
# yarn lockfile v1


envinfo@^7.10.0:
  version "7.10.0"
  resolved "https://registry.yarnpkg.com/envinfo/-/envinfo-7.10.0.tgz#55146e3909cc5fe63c22da63fb15b05aeac35b13"
  integrity sha512-ZtUjZO6l5mwTHvc1L9+1q5p/R3wTopcfqMW8r5t8SJSKqeVI/LtajORwRFEKpEFuekjD0VBjwu1HMxL4UalIRw==
